
Microsoft Visual Studio Solution File, Format Version 12.00
Project("{FAE04EC0-301F-11D3-BF4B-00C04F79EFBC}") = "ValidBraces", "ValidBraces\ValidBraces.csproj", "{AD46C140-3992-497B-9F68-3A5339E2FFDC}"
EndProject
Global
	GlobalSection(SolutionConfigurationPlatforms) = preSolution
		Debug|Any CPU = Debug|Any CPU
		Release|Any CPU = Release|Any CPU
	EndGlobalSection
	GlobalSection(ProjectConfigurationPlatforms) = postSolution
		{AD46C140-3992-497B-9F68-3A5339E2FFDC}.Debug|Any CPU.ActiveCfg = Debug|Any CPU
		{AD46C140-3992-497B-9F68-3A5339E2FFDC}.Debug|Any CPU.Build.0 = Debug|Any CPU
		{AD46C140-3992-497B-9F68-3A5339E2FFDC}.Release|Any CPU.ActiveCfg = Release|Any CPU
		{AD46C140-3992-497B-9F68-3A5339E2FFDC}.Release|Any CPU.Build.0 = Release|Any CPU
	EndGlobalSection
EndGlobal
